
Microsoft Visual Studio Solution File, Format Version 12.00
# Visual Studio 15
VisualStudioVersion = 15.0.28010.2050
MinimumVisualStudioVersion = 10.0.40219.1
Project("{FAE04EC0-301F-11D3-BF4B-00C04F79EFBC}") = "Database", "DapperDatabase\Database.csproj", "{280BBC88-2BB6-4718-97E6-D4E18D7380AF}"
EndProject
Project("{FAE04EC0-301F-11D3-BF4B-00C04F79EFBC}") = "EF", "Data\Model\EF\EF.csproj", "{48B68913-39B2-4140-8F18-8F87B6073AAB}"
EndProject
Project("{FAE04EC0-301F-11D3-BF4B-00C04F79EFBC}") = "NorthView", "Data\ViewModel\NorthView\NorthView.csproj", "{72A14922-DB39-4BF2-A423-D7FE21F7303C}"
EndProject
Project("{FAE04EC0-301F-11D3-BF4B-00C04F79EFBC}") = "Logs", "Data\Model\Logs\Logs.csproj", "{6533C18A-E68A-4D11-87A7-29D4F8AEC5E1}"
EndProject
Global
	GlobalSection(SolutionConfigurationPlatforms) = preSolution
		Debug|Any CPU = Debug|Any CPU
		Release|Any CPU = Release|Any CPU
	EndGlobalSection
	GlobalSection(ProjectConfigurationPlatforms) = postSolution
		{280BBC88-2BB6-4718-97E6-D4E18D7380AF}.Debug|Any CPU.ActiveCfg = Debug|Any CPU
		{280BBC88-2BB6-4718-97E6-D4E18D7380AF}.Debug|Any CPU.Build.0 = Debug|Any CPU
		{280BBC88-2BB6-4718-97E6-D4E18D7380AF}.Release|Any CPU.ActiveCfg = Release|Any CPU
		{280BBC88-2BB6-4718-97E6-D4E18D7380AF}.Release|Any CPU.Build.0 = Release|Any CPU
		{48B68913-39B2-4140-8F18-8F87B6073AAB}.Debug|Any CPU.ActiveCfg = Debug|Any CPU
		{48B68913-39B2-4140-8F18-8F87B6073AAB}.Debug|Any CPU.Build.0 = Debug|Any CPU
		{48B68913-39B2-4140-8F18-8F87B6073AAB}.Release|Any CPU.ActiveCfg = Release|Any CPU
		{48B68913-39B2-4140-8F18-8F87B6073AAB}.Release|Any CPU.Build.0 = Release|Any CPU
		{72A14922-DB39-4BF2-A423-D7FE21F7303C}.Debug|Any CPU.ActiveCfg = Debug|Any CPU
		{72A14922-DB39-4BF2-A423-D7FE21F7303C}.Debug|Any CPU.Build.0 = Debug|Any CPU
		{72A14922-DB39-4BF2-A423-D7FE21F7303C}.Release|Any CPU.ActiveCfg = Release|Any CPU
		{72A14922-DB39-4BF2-A423-D7FE21F7303C}.Release|Any CPU.Build.0 = Release|Any CPU
		{6533C18A-E68A-4D11-87A7-29D4F8AEC5E1}.Debug|Any CPU.ActiveCfg = Debug|Any CPU
		{6533C18A-E68A-4D11-87A7-29D4F8AEC5E1}.Debug|Any CPU.Build.0 = Debug|Any CPU
		{6533C18A-E68A-4D11-87A7-29D4F8AEC5E1}.Release|Any CPU.ActiveCfg = Release|Any CPU
		{6533C18A-E68A-4D11-87A7-29D4F8AEC5E1}.Release|Any CPU.Build.0 = Release|Any CPU
	EndGlobalSection
	GlobalSection(SolutionProperties) = preSolution
		HideSolutionNode = FALSE
	EndGlobalSection
	GlobalSection(ExtensibilityGlobals) = postSolution
		SolutionGuid = {C178A31E-26CA-418D-A6AF-F9192B43BDF5}
	EndGlobalSection
EndGlobal
